
Microsoft Visual Studio Solution File, Format Version 12.00
# Visual Studio Version 17
VisualStudioVersion = 17.1.32319.34
MinimumVisualStudioVersion = 10.0.40219.1
Project("{9A19103F-16F7-4668-BE54-9A1E7A4F7556}") = "Entities", "Entities\Entities.csproj", "{DD548E13-28EC-479E-85B5-ADEBA2D7BFB5}"
EndProject
Project("{9A19103F-16F7-4668-BE54-9A1E7A4F7556}") = "DataAccess", "DataAccess\DataAccess.csproj", "{6C668E9B-6232-4391-A389-07B524111A1F}"
EndProject
Project("{9A19103F-16F7-4668-BE54-9A1E7A4F7556}") = "Business", "Business\Business.csproj", "{67AEBD18-201D-499A-AAC5-0DF0ABA93276}"
EndProject
Project("{9A19103F-16F7-4668-BE54-9A1E7A4F7556}") = "ConsoleUI", "ConsoleUI\ConsoleUI.csproj", "{580E4348-995B-48D2-9604-E54E00608C82}"
EndProject
Project("{9A19103F-16F7-4668-BE54-9A1E7A4F7556}") = "Core", "Core\Core.csproj", "{189DE5BB-8450-4CC6-9002-B18567D6BC99}"
EndProject
Project("{FAE04EC0-301F-11D3-BF4B-00C04F79EFBC}") = "WebAPI", "WebAPI\WebAPI.csproj", "{B9D5B345-521F-4D1D-851F-83FF0A728945}"
EndProject
Global
	GlobalSection(SolutionConfigurationPlatforms) = preSolution
		Debug|Any CPU = Debug|Any CPU
		Release|Any CPU = Release|Any CPU
	EndGlobalSection
	GlobalSection(ProjectConfigurationPlatforms) = postSolution
		{DD548E13-28EC-479E-85B5-ADEBA2D7BFB5}.Debug|Any CPU.ActiveCfg = Debug|Any CPU
		{DD548E13-28EC-479E-85B5-ADEBA2D7BFB5}.Debug|Any CPU.Build.0 = Debug|Any CPU
		{DD548E13-28EC-479E-85B5-ADEBA2D7BFB5}.Release|Any CPU.ActiveCfg = Release|Any CPU
		{DD548E13-28EC-479E-85B5-ADEBA2D7BFB5}.Release|Any CPU.Build.0 = Release|Any CPU
		{6C668E9B-6232-4391-A389-07B524111A1F}.Debug|Any CPU.ActiveCfg = Debug|Any CPU
		{6C668E9B-6232-4391-A389-07B524111A1F}.Debug|Any CPU.Build.0 = Debug|Any CPU
		{6C668E9B-6232-4391-A389-07B524111A1F}.Release|Any CPU.ActiveCfg = Release|Any CPU
		{6C668E9B-6232-4391-A389-07B524111A1F}.Release|Any CPU.Build.0 = Release|Any CPU
		{67AEBD18-201D-499A-AAC5-0DF0ABA93276}.Debug|Any CPU.ActiveCfg = Debug|Any CPU
		{67AEBD18-201D-499A-AAC5-0DF0ABA93276}.Debug|Any CPU.Build.0 = Debug|Any CPU
		{67AEBD18-201D-499A-AAC5-0DF0ABA93276}.Release|Any CPU.ActiveCfg = Release|Any CPU
		{67AEBD18-201D-499A-AAC5-0DF0ABA93276}.Release|Any CPU.Build.0 = Release|Any CPU
		{580E4348-995B-48D2-9604-E54E00608C82}.Debug|Any CPU.ActiveCfg = Debug|Any CPU
		{580E4348-995B-48D2-9604-E54E00608C82}.Debug|Any CPU.Build.0 = Debug|Any CPU
		{580E4348-995B-48D2-9604-E54E00608C82}.Release|Any CPU.ActiveCfg = Release|Any CPU
		{580E4348-995B-48D2-9604-E54E00608C82}.Release|Any CPU.Build.0 = Release|Any CPU
		{189DE5BB-8450-4CC6-9002-B18567D6BC99}.Debug|Any CPU.ActiveCfg = Debug|Any CPU
		{189DE5BB-8450-4CC6-9002-B18567D6BC99}.Debug|Any CPU.Build.0 = Debug|Any CPU
		{189DE5BB-8450-4CC6-9002-B18567D6BC99}.Release|Any CPU.ActiveCfg = Release|Any CPU
		{189DE5BB-8450-4CC6-9002-B18567D6BC99}.Release|Any CPU.Build.0 = Release|Any CPU
		{B9D5B345-521F-4D1D-851F-83FF0A728945}.Debug|Any CPU.ActiveCfg = Debug|Any CPU
		{B9D5B345-521F-4D1D-851F-83FF0A728945}.Debug|Any CPU.Build.0 = Debug|Any CPU
		{B9D5B345-521F-4D1D-851F-83FF0A728945}.Release|Any CPU.ActiveCfg = Release|Any CPU
		{B9D5B345-521F-4D1D-851F-83FF0A728945}.Release|Any CPU.Build.0 = Release|Any CPU
	EndGlobalSection
	GlobalSection(SolutionProperties) = preSolution
		HideSolutionNode = FALSE
	EndGlobalSection
	GlobalSection(ExtensibilityGlobals) = postSolution
		SolutionGuid = {B27D753E-D8F2-4F55-AD91-D7187756B8F3}
	EndGlobalSection
EndGlobal
